lockfileVersion: '9.0'

settings:
  autoInstallPeers: false
  excludeLinksFromLockfile: false

packageExtensionsChecksum: sha256-5oi+V4WPz1bblBhbh5Zdk3OyI3ZeLZc1FyFpvGIV7cM=

importers:

  .:
    dependencies:
      '@embedpdf/core':
        specifier: 2.15.0
        version: 2.15.0
      '@embedpdf/pdfium':
        specifier: 2.15.0
        version: 2.15.0
      '@embedpdf/plugin-document-manager':
        specifier: 2.15.0
        version: 2.15.0(@embedpdf/core@2.15.0)
      '@embedpdf/plugin-interaction-manager':
        specifier: 2.15.0
        version: 2.15.0(@embedpdf/core@2.15.0)
      '@embedpdf/plugin-render':
        specifier: 2.15.0
        version: 2.15.0(@embedpdf/core@2.15.0)
      '@embedpdf/plugin-search':
        specifier: 2.15.0
        version: 2.15.0(@embedpdf/core@2.15.0)
      '@embedpdf/plugin-selection':
        specifier: 2.15.0
        version: 2.15.0(@embedpdf/core@2.15.0)(@embedpdf/plugin-interaction-manager@2.15.0(@embedpdf/core@2.15.0))
      '@embedpdf/plugin-thumbnail':
        specifier: 2.15.0
        version: 2.15.0(@embedpdf/core@2.15.0)(@embedpdf/plugin-render@2.15.0(@embedpdf/core@2.15.0))

packages:

  '@embedpdf/core@2.15.0':
    resolution: {integrity: sha512-0yaPCgvbE5/cBf+5rHBUsRUm8i6hSl894xjC19HTOmb8DqrhxOxbOQSyjiTbJTQK52zZrNL79SigsPgGHPrYWA==}
    peerDependencies:
      preact: ^10.26.4
      react: '>=16.8.0'
      react-dom: '>=16.8.0'
      svelte: '>=5 <6'
      vue: '>=3.2.0'
    peerDependenciesMeta:
      preact:
        optional: true
      react:
        optional: true
      react-dom:
        optional: true
      svelte:
        optional: true
      vue:
        optional: true

  '@embedpdf/engines@2.15.0':
    resolution: {integrity: sha512-fW5UoqpDRkAWDbGMl3y6ril3l2qXzoYz+klt4O2P8gWzYzhG3fmr0L2+qzjD+BPO+QfYMNNvmBI+teT/nYjm/g==}
    peerDependencies:
      preact: ^10.26.4
      react: '>=16.8.0'
      react-dom: '>=16.8.0'
      svelte: '>=5 <6'
      vue: '>=3.2.0'
    peerDependenciesMeta:
      preact:
        optional: true
      react:
        optional: true
      react-dom:
        optional: true
      svelte:
        optional: true
      vue:
        optional: true

  '@embedpdf/fonts-arabic@1.0.0':
    resolution: {integrity: sha512-SnGvQb+LwPZQO2WjjvlmXrJZolJUfLYbLZQSaYUw1vrQyMyJKT4LewvJGG+hZ+Yz2fz7OMIQ+4Gc98mGODZtOg==}

  '@embedpdf/fonts-hebrew@1.0.0':
    resolution: {integrity: sha512-5HVAKGL7VqPeTxxADDrSqAFBxfmAXdP8fIqrPwJIKkqdK2643bOer8CqnnpO3/nPoFhkzxhttWMB9BGiqSW62w==}

  '@embedpdf/fonts-jp@1.0.0':
    resolution: {integrity: sha512-BY2tv/mcICUUKf+M/bizf3RU65PMqKClJ/e5o9mgMibxyML0OQvEDwYMRPODQkKgJKXCO3ScHmVvcmXp6kt+fA==}

  '@embedpdf/fonts-kr@1.0.0':
    resolution: {integrity: sha512-bh88HXSvOBS581kgmihWY7Ijp9hBsvlmXogFG5LSNx9UBAobRcakZiFMGieRBc06hUSkpo7WhjaFM/z/SfQ8dQ==}

  '@embedpdf/fonts-latin@1.0.0':
    resolution: {integrity: sha512-LLYysdr8O6sRNzhmW3PbF3AeA8xnqvOi4XLFfIfNlW5uEZ+qsJdcfd78Q78sFJMhlaOAYFMziMMsnOzmx463rA==}

  '@embedpdf/fonts-sc@1.0.0':
    resolution: {integrity: sha512-ETXl7XCwaQLSSvMO3EUDwMNqtL64kX2LlFxarTRi/NsIGGOIxUurGfKtrkmtnKHrWy1jAJSt6oxK2uJhvdvQIw==}

  '@embedpdf/fonts-tc@1.0.0':
    resolution: {integrity: sha512-rGZJbVD6DYS5BbXdpEMnWkpVF0Knar+bsiyb2o3+YRx7O8eyFubEBQUSUInirQk69HA6fc3GhYCg7TyC/oD76Q==}

  '@embedpdf/models@2.15.0':
    resolution: {integrity: sha512-gHr+hAN094kmzCB+6J2zaiHS8o4tKeY0IfTOxVEGwqntgKk8LCWD3s+P7dlVY3V8XUVmdyFWhFt7zwm0uw+VMg==}

  '@embedpdf/pdfium@2.15.0':
    resolution: {integrity: sha512-KgpRND2MYcdbhzb2EMb4WzWcJYrR0A6JXvhMv4WthEHKt6qmNo2v/MC68bpYvpveYT9GNnUnY/+TG5MpXY3pRw==}

  '@embedpdf/plugin-document-manager@2.15.0':
    resolution: {integrity: sha512-M8EwOuonICSHfOklTMwk0XfyPhG9v9EMDRU9Pvz0zAe1DJzUPtIxUh+CgxtFSSnUeKSfxE7JpTRryrbUW0XcGg==}
    peerDependencies:
      '@embedpdf/core': 2.15.0
      preact: ^10.26.4
      react: '>=16.8.0'
      react-dom: '>=16.8.0'
      svelte: '>=5 <6'
      vue: '>=3.2.0'
    peerDependenciesMeta:
      preact:
        optional: true
      react:
        optional: true
      react-dom:
        optional: true
      svelte:
        optional: true
      vue:
        optional: true

  '@embedpdf/plugin-interaction-manager@2.15.0':
    resolution: {integrity: sha512-YCMvTvu4Fm1KNuEhj+CftzG+T6F1+/QhI7eaYft9Lp5xm3CYSXdR3pNfGwNFy5XkDUDwB1IscLTiU0q75viMCw==}
    peerDependencies:
      '@embedpdf/core': 2.15.0
      preact: ^10.26.4
      react: '>=16.8.0'
      react-dom: '>=16.8.0'
      svelte: '>=5 <6'
      vue: '>=3.2.0'
    peerDependenciesMeta:
      preact:
        optional: true
      react:
        optional: true
      react-dom:
        optional: true
      svelte:
        optional: true
      vue:
        optional: true

  '@embedpdf/plugin-render@2.15.0':
    resolution: {integrity: sha512-EVfn8XsdU10VgrSs9qKo8nqjfUyt2/NWFJtlW3nX4sZ74Pi9xSvEa7/B99/LYZZMa0ENzi+4HKAXiQ6NUXisDg==}
    peerDependencies:
      '@embedpdf/core': 2.15.0
      preact: ^10.26.4
      react: '>=16.8.0'
      react-dom: '>=16.8.0'
      svelte: '>=5 <6'
      vue: '>=3.2.0'
    peerDependenciesMeta:
      preact:
        optional: true
      react:
        optional: true
      react-dom:
        optional: true
      svelte:
        optional: true
      vue:
        optional: true

  '@embedpdf/plugin-search@2.15.0':
    resolution: {integrity: sha512-mMzy8uo3xvDMjSc+xuBMgdI/mmmpgbZ6xKTmNxpF0d8BcaWu6Zp9a4ewamfjBwg8WF/qUW49U6HYZsiRr3NUEQ==}
    peerDependencies:
      '@embedpdf/core': 2.15.0
      preact: ^10.26.4
      react: '>=16.8.0'
      react-dom: '>=16.8.0'
      svelte: '>=5 <6'
      vue: '>=3.2.0'
    peerDependenciesMeta:
      preact:
        optional: true
      react:
        optional: true
      react-dom:
        optional: true
      svelte:
        optional: true
      vue:
        optional: true

  '@embedpdf/plugin-selection@2.15.0':
    resolution: {integrity: sha512-iEnhx0jeQrbze7WHkHhZtF21yfGBuqF2B+V2efLHT2O0a2fnof+PEVaQQRgERSfrwRvLvyEJL9ud54E41ahsRQ==}
    peerDependencies:
      '@embedpdf/core': 2.15.0
      '@embedpdf/plugin-interaction-manager': 2.15.0
      preact: ^10.26.4
      react: '>=16.8.0'
      react-dom: '>=16.8.0'
      svelte: '>=5 <6'
      vue: '>=3.2.0'
    peerDependenciesMeta:
      preact:
        optional: true
      react:
        optional: true
      react-dom:
        optional: true
      svelte:
        optional: true
      vue:
        optional: true

  '@embedpdf/plugin-thumbnail@2.15.0':
    resolution: {integrity: sha512-39EojqobHmvSvk2ejKeh58m43ApGS3cie/sVZP+pkXr6MRogX6+ivMa5GfoqBzh9wdZAZ3l4XTd+RQ4kFZ4aqQ==}
    peerDependencies:
      '@embedpdf/core': 2.15.0
      '@embedpdf/plugin-render': 2.15.0
      preact: ^10.26.4
      react: '>=16.8.0'
      react-dom: '>=16.8.0'
      svelte: '>=5 <6'
      vue: '>=3.2.0'
    peerDependenciesMeta:
      preact:
        optional: true
      react:
        optional: true
      react-dom:
        optional: true
      svelte:
        optional: true
      vue:
        optional: true

  '@embedpdf/utils@2.15.0':
    resolution: {integrity: sha512-13UEMPpu5XrxmYI/MPiLtJC3R3b1g8ii3zfhQ3g1WpECybnwTuhBgwqaOvqw3rVCKCnXEgNMs4PBCzLyFpZZTw==}
    peerDependencies:
      preact: ^10.26.4
      react: '>=16.8.0'
      react-dom: '>=16.8.0'
      svelte: '>=5 <6'
      vue: '>=3.2.0'
    peerDependenciesMeta:
      preact:
        optional: true
      react:
        optional: true
      react-dom:
        optional: true
      svelte:
        optional: true
      vue:
        optional: true

snapshots:

  '@embedpdf/core@2.15.0':
    dependencies:
      '@embedpdf/engines': 2.15.0
      '@embedpdf/models': 2.15.0

  '@embedpdf/engines@2.15.0':
    dependencies:
      '@embedpdf/fonts-arabic': 1.0.0
      '@embedpdf/fonts-hebrew': 1.0.0
      '@embedpdf/fonts-jp': 1.0.0
      '@embedpdf/fonts-kr': 1.0.0
      '@embedpdf/fonts-latin': 1.0.0
      '@embedpdf/fonts-sc': 1.0.0
      '@embedpdf/fonts-tc': 1.0.0
      '@embedpdf/models': 2.15.0
      '@embedpdf/pdfium': 2.15.0

  '@embedpdf/fonts-arabic@1.0.0': {}

  '@embedpdf/fonts-hebrew@1.0.0': {}

  '@embedpdf/fonts-jp@1.0.0': {}

  '@embedpdf/fonts-kr@1.0.0': {}

  '@embedpdf/fonts-latin@1.0.0': {}

  '@embedpdf/fonts-sc@1.0.0': {}

  '@embedpdf/fonts-tc@1.0.0': {}

  '@embedpdf/models@2.15.0': {}

  '@embedpdf/pdfium@2.15.0': {}

  '@embedpdf/plugin-document-manager@2.15.0(@embedpdf/core@2.15.0)':
    dependencies:
      '@embedpdf/core': 2.15.0
      '@embedpdf/models': 2.15.0

  '@embedpdf/plugin-interaction-manager@2.15.0(@embedpdf/core@2.15.0)':
    dependencies:
      '@embedpdf/core': 2.15.0
      '@embedpdf/models': 2.15.0

  '@embedpdf/plugin-render@2.15.0(@embedpdf/core@2.15.0)':
    dependencies:
      '@embedpdf/core': 2.15.0
      '@embedpdf/models': 2.15.0

  '@embedpdf/plugin-search@2.15.0(@embedpdf/core@2.15.0)':
    dependencies:
      '@embedpdf/core': 2.15.0
      '@embedpdf/models': 2.15.0

  '@embedpdf/plugin-selection@2.15.0(@embedpdf/core@2.15.0)(@embedpdf/plugin-interaction-manager@2.15.0(@embedpdf/core@2.15.0))':
    dependencies:
      '@embedpdf/core': 2.15.0
      '@embedpdf/models': 2.15.0
      '@embedpdf/plugin-interaction-manager': 2.15.0(@embedpdf/core@2.15.0)
      '@embedpdf/utils': 2.15.0

  '@embedpdf/plugin-thumbnail@2.15.0(@embedpdf/core@2.15.0)(@embedpdf/plugin-render@2.15.0(@embedpdf/core@2.15.0))':
    dependencies:
      '@embedpdf/core': 2.15.0
      '@embedpdf/models': 2.15.0
      '@embedpdf/plugin-render': 2.15.0(@embedpdf/core@2.15.0)

  '@embedpdf/utils@2.15.0': {}
